{
  "name": "scylladb-javascript-driver-examples",
  "version": "0.0.1",
  "lockfileVersion": 3,
  "requires": true,
  "packages": {
    "": {
      "name": "scylladb-javascript-driver-examples",
      "version": "0.0.1",
      "license": "Apache-2.0",
      "dependencies": {
        "async": "^1.5.2",
        "scylladb-javascript-driver": "file:./../../"
      }
    },
    "../..": {
      "version": "0.0.0",
      "license": "MIT",
      "devDependencies": {
        "@napi-rs/cli": "^2.18.4",
        "ava": "^6.0.1"
      },
      "engines": {
        "node": ">= 10"
      }
    },
    "node_modules/async": {
      "version": "1.5.2",
      "resolved": "https://registry.npmjs.org/async/-/async-1.5.2.tgz",
      "integrity": "sha512-nSVgobk4rv61R9PUSDtYt7mPVB2olxNR5RWJcAsH676/ef11bUZwvu7+RGYrYauVdDPcO519v68wRhXQtxsV9w=="
    },
    "node_modules/scylladb-javascript-driver": {
      "resolved": "../..",
      "link": true
    }
  }
}
